// !$*UTF8*$!
{
	archiveVersion = 1;
	classes = {
	};
	objectVersion = 50;
	objects = {

/* Begin PBXBuildFile section */
		F73ECA1A2439F8B1003C320C /* AppDelegate.swift in Sources */ = {isa = PBXBuildFile; fileRef = F73ECA192439F8B1003C320C /* AppDelegate.swift */; };
		F73ECA1C2439F8B1003C320C /* SceneDelegate.swift in Sources */ = {isa = PBXBuildFile; fileRef = F73ECA1B2439F8B1003C320C /* SceneDelegate.swift */; };
		F73ECA1E2439F8B1003C320C /* ViewController.swift in Sources */ = {isa = PBXBuildFile; fileRef = F73ECA1D2439F8B1003C320C /* ViewController.swift */; };
		F73ECA212439F8B1003C320C /* Main.storyboard in Resources */ = {isa = PBXBuildFile; fileRef = F73ECA1F2439F8B1003C320C /* Main.storyboard */; };
		F73ECA232439F8B2003C320C /* Assets.xcassets in Resources */ = {isa = PBXBuildFile; fileRef = F73ECA222439F8B2003C320C /* Assets.xcassets */; };
		F73ECA262439F8B2003C320C /* LaunchScreen.storyboard in Resources */ = {isa = PBXBuildFile; fileRef = F73ECA242439F8B2003C320C /* LaunchScreen.storyboard */; };
/* End PBXBuildFile section */

/* Begin PBXFileReference section */
		F73ECA162439F8B1003C320C /* Stop.app */ = {isa = PBXFileReference; explicitFileType = wrapper.application; includeInIndex = 0; path = Stop.app; sourceTree = BUILT_PRODUCTS_DIR; };
		F73ECA192439F8B1003C320C /* AppDelegate.swift */ = {isa = PBXFileReference; lastKnownFileType = sourcecode.swift; path = AppDelegate.swift; sourceTree = "<group>"; };
		F73ECA1B2439F8B1003C320C /* SceneDelegate.swift */ = {isa = PBXFileReference; lastKnownFileType = sourcecode.swift; path = SceneDelegate.swift; sourceTree = "<group>"; };
		F73ECA1D2439F8B1003C320C /* ViewController.swift */ = {isa = PBXFileReference; lastKnownFileType = sourcecode.swift; path = ViewController.swift; sourceTree = "<group>"; };
		F73ECA202439F8B1003C320C /* Base */ = {isa = PBXFileReference; lastKnownFileType = file.storyboard; name = Base; path = Base.lproj/Main.storyboard; sourceTree = "<group>"; };
		F73ECA222439F8B2003C320C /* Assets.xcassets */ = {isa = PBXFileReference; lastKnownFileType = folder.assetcatalog; path = Assets.xcassets; sourceTree = "<group>"; };
		F73ECA252439F8B2003C320C /* Base */ = {isa = PBXFileReference; lastKnownFileType = file.storyboard; name = Base; path = Base.lproj/LaunchScreen.storyboard; sourceTree = "<group>"; };
		F73ECA272439F8B2003C320C /* Info.plist */ = {isa = PBXFileReference; lastKnownFileType = text.plist.xml; path = Info.plist; sourceTree = "<group>"; };
/* End PBXFileReference section */

/* Begin PBXFrameworksBuildPhase section */
		F73ECA132439F8B1003C320C /* Frameworks */ = {
			isa = PBXFrameworksBuildPhase;
			buildActionMask = 2147483647;
			files = (
			);
			runOnlyForDeploymentPostprocessing = 0;
		};
/* End PBXFrameworksBuildPhase section */

/* Begin PBXGroup section */
		F73ECA0D2439F8B1003C320C = {
			isa = PBXGroup;
			children = (
				F73ECA182439F8B1003C320C /* Stop */,
				F73ECA172439F8B1003C320C /* Products */,
			);
			sourceTree = "<group>";
		};
		F73ECA172439F8B1003C320C /* Products */ = {
			isa = PBXGroup;
			children = (
				F73ECA162439F8B1003C320C /* Stop.app */,
			);
			name = Products;
			sourceTree = "<group>";
		};
		F73ECA182439F8B1003C320C /* Stop */ = {
			isa = PBXGroup;
			children = (
				F73ECA192439F8B1003C320C /* AppDelegate.swift */,
				F73ECA1B2439F8B1003C320C /* SceneDelegate.swift */,
				F73ECA1D2439F8B1003C320C /* ViewController.swift */,
				F73ECA1F2439F8B1003C320C /* Main.storyboard */,
				F73ECA222439F8B2003C320C /* Assets.xcassets */,
				F73ECA242439F8B2003C320C /* LaunchScreen.storyboard */,
				F73ECA272439F8B2003C320C /* Info.plist */,
			);
			path = Stop;
			sourceTree = "<group>";
		};
/* End PBXGroup section */

/* Begin PBXNativeTarget section */
		F73ECA152439F8B1003C320C /* Stop */ = {
			isa = PBXNativeTarget;
			buildConfigurationList = F73ECA2A2439F8B2003C320C /* Build configuration list for PBXNativeTarget "Stop" */;
			buildPhases = (
				F73ECA122439F8B1003C320C /* Sources */,
				F73ECA132439F8B1003C320C /* Frameworks */,
				F73ECA142439F8B1003C320C /* Resources */,
			);
			buildRules = (
			);
			dependencies = (
			);
			name = Stop;
			productName = Stop;
			productReference = F73ECA162439F8B1003C320C /* Stop.app */;
			productType = "com.apple.product-type.application";
		};
/* End PBXNativeTarget section */

/* Begin PBXProject section */
		F73ECA0E2439F8B1003C320C /* Project object */ = {
			isa = PBXProject;
			attributes = {
				LastSwiftUpdateCheck = 1140;
				LastUpgradeCheck = 1140;
				ORGANIZATIONNAME = "Antares Software Group";
				TargetAttributes = {
					F73ECA152439F8B1003C320C = {
						CreatedOnToolsVersion = 11.4;
					};
				};
			};
			buildConfigurationList = F73ECA112439F8B1003C320C /* Build configuration list for PBXProject "Stop" */;
			compatibilityVersion = "Xcode 9.3";
			developmentRegion = en;
			hasScannedForEncodings = 0;
			knownRegions = (
				en,
				Base,
			);
			mainGroup = F73ECA0D2439F8B1003C320C;
			productRefGroup = F73ECA172439F8B1003C320C /* Products */;
			projectDirPath = "";
			projectRoot = "";
			targets = (
				F73ECA152439F8B1003C320C /* Stop */,
			);
		};
/* End PBXProject section */

/* Begin PBXResourcesBuildPhase section */
		F73ECA142439F8B1003C320C /* Resources */ = {
			isa = PBXResourcesBuildPhase;
			buildActionMask = 2147483647;
			files = (
				F73ECA262439F8B2003C320C /* LaunchScreen.storyboard in Resources */,
				F73ECA232439F8B2003C320C /* Assets.xcassets in Resources */,
				F73ECA212439F8B1003C320C /* Main.storyboard in Resources */,
			);
			runOnlyForDeploymentPostprocessing = 0;
		};
/* End PBXResourcesBuildPhase section */

/* Begin PBXSourcesBuildPhase section */
		F73ECA122439F8B1003C320C /* Sources */ = {
			isa = PBXSourcesBuildPhase;
			buildActionMask = 2147483647;
			files = (
				F73ECA1E2439F8B1003C320C /* ViewController.swift in Sources */,
				F73ECA1A2439F8B1003C320C /* AppDelegate.swift in Sources */,
				F73ECA1C2439F8B1003C320C /* SceneDelegate.swift in Sources */,
			);
			runOnlyForDeploymentPostprocessing = 0;
		};
/* End PBXSourcesBuildPhase section */

/* Begin PBXVariantGroup section */
		F73ECA1F2439F8B1003C320C /* Main.storyboard */ = {
			isa = PBXVariantGroup;
			children = (
				F73ECA202439F8B1003C320C /* Base */,
			);
			name = Main.storyboard;
			sourceTree = "<group>";
		};
		F73ECA242439F8B2003C320C /* LaunchScreen.storyboard */ = {
			isa = PBXVariantGroup;
			children = (
				F73ECA252439F8B2003C320C /* Base */,
			);
			name = LaunchScreen.storyboard;
			sourceTree = "<group>";
		};
/* End PBXVariantGroup section */

/* Begin XCBuildConfiguration section */
		F73ECA282439F8B2003C320C /* Debug */ = {
			isa = XCBuildConfiguration;
			buildSettings = {
				ALWAYS_SEARCH_USER_PATHS = NO;
				CLANG_ANALYZER_NONNULL = YES;
				CLANG_ANALYZER_NUMBER_OBJECT_CONVERSION = YES_AGGRESSIVE;
				CLANG_CXX_LANGUAGE_STANDARD = "gnu++14";
				CLANG_CXX_LIBRARY = "libc++";
				CLANG_ENABLE_MODULES = YES;
				CLANG_ENABLE_OBJC_ARC = YES;
				CLANG_ENABLE_OBJC_WEAK = YES;
				CLANG_WARN_BLOCK_CAPTURE_AUTORELEASING = YES;
				CLANG_WARN_BOOL_CONVERSION = YES;
				CLANG_WARN_COMMA = YES;
				CLANG_WARN_CONSTANT_CONVERSION = YES;
				CLANG_WARN_DEPRECATED_OBJC_IMPLEMENTATIONS = YES;
				CLANG_WARN_DIRECT_OBJC_ISA_USAGE = YES_ERROR;
				CLANG_WARN_DOCUMENTATION_COMMENTS = YES;
				CLANG_WARN_EMPTY_BODY = YES;
				CLANG_WARN_ENUM_CONVERSION = YES;
				CLANG_WARN_INFINITE_RECURSION = YES;
				CLANG_WARN_INT_CONVERSION = YES;
				CLANG_WARN_NON_LITERAL_NULL_CONVERSION = YES;
				CLANG_WARN_OBJC_IMPLICIT_RETAIN_SELF = YES;
				CLANG_WARN_OBJC_LITERAL_CONVERSION = YES;
				CLANG_WARN_OBJC_ROOT_CLASS = YES_ERROR;
				CLANG_WARN_RANGE_LOOP_ANALYSIS = YES;
				CLANG_WARN_STRICT_PROTOTYPES = YES;
				CLANG_WARN_SUSPICIOUS_MOVE = YES;
				CLANG_WARN_UNGUARDED_AVAILABILITY = YES_AGGRESSIVE;
				CLANG_WARN_UNREACHABLE_CODE = YES;
				CLANG_WARN__DUPLICATE_METHOD_MATCH = YES;
				COPY_PHASE_STRIP = NO;
				DEBUG_INFORMATION_FORMAT = dwarf;
				ENABLE_STRICT_OBJC_MSGSEND = YES;
				ENABLE_TESTABILITY = YES;
				GCC_C_LANGUAGE_STANDARD = gnu11;
				GCC_DYNAMIC_NO_PIC = NO;
				GCC_NO_COMMON_BLOCKS = YES;
				GCC_OPTIMIZATION_LEVEL = 0;
				GCC_PREPROCESSOR_DEFINITIONS = (
					"DEBUG=1",
					"$(inherited)",
				);
				GCC_WARN_64_TO_32_BIT_CONVERSION = YES;
				GCC_WARN_ABOUT_RETURN_TYPE = YES_ERROR;
				GCC_WARN_UNDECLARED_SELECTOR = YES;
				GCC_WARN_UNINITIALIZED_AUTOS = YES_AGGRESSIVE;
				GCC_WARN_UNUSED_FUNCTION = YES;
				GCC_WARN_UNUSED_VARIABLE = YES;
				IPHONEOS_DEPLOYMENT_TARGET = 13.4;
				MTL_ENABLE_DEBUG_INFO = INCLUDE_SOURCE;
				MTL_FAST_MATH = YES;
				ONLY_ACTIVE_ARCH = YES;
				SDKROOT = iphoneos;
				SWIFT_ACTIVE_COMPILATION_CONDITIONS = DEBUG;
				SWIFT_OPTIMIZATION_LEVEL = "-Onone";
			};
			name = Debug;
		};
		F73ECA292439F8B2003C320C /* Release */ = {
			isa = XCBuildConfiguration;
			buildSettings = {
				ALWAYS_SEARCH_USER_PATHS = NO;
				CLANG_ANALYZER_NONNULL = YES;
				CLANG_ANALYZER_NUMBER_OBJECT_CONVERSION = YES_AGGRESSIVE;
				CLANG_CXX_LANGUAGE_STANDARD = "gnu++14";
				CLANG_CXX_LIBRARY = "libc++";
				CLANG_ENABLE_MODULES = YES;
				CLANG_ENABLE_OBJC_ARC = YES;
				CLANG_ENABLE_OBJC_WEAK = YES;
				CLANG_WARN_BLOCK_CAPTURE_AUTORELEASING = YES;
				CLANG_WARN_BOOL_CONVERSION = YES;
				CLANG_WARN_COMMA = YES;
				CLANG_WARN_CONSTANT_CONVERSION = YES;
				CLANG_WARN_DEPRECATED_OBJC_IMPLEMENTATIONS = YES;
				CLANG_WARN_DIRECT_OBJC_ISA_USAGE = YES_ERROR;
				CLANG_WARN_DOCUMENTATION_COMMENTS = YES;
				CLANG_WARN_EMPTY_BODY = YES;
				CLANG_WARN_ENUM_CONVERSION = YES;
				CLANG_WARN_INFINITE_RECURSION = YES;
				CLANG_WARN_INT_CONVERSION = YES;
				CLANG_WARN_NON_LITERAL_NULL_CONVERSION = YES;
				CLANG_WARN_OBJC_IMPLICIT_RETAIN_SELF = YES;
				CLANG_WARN_OBJC_LITERAL_CONVERSION = YES;
				CLANG_WARN_OBJC_ROOT_CLASS = YES_ERROR;
				CLANG_WARN_RANGE_LOOP_ANALYSIS = YES;
				CLANG_WARN_STRICT_PROTOTYPES = YES;
				CLANG_WARN_SUSPICIOUS_MOVE = YES;
				CLANG_WARN_UNGUARDED_AVAILABILITY = YES_AGGRESSIVE;
				CLANG_WARN_UNREACHABLE_CODE = YES;
				CLANG_WARN__DUPLICATE_METHOD_MATCH = YES;
				COPY_PHASE_STRIP = NO;
				DEBUG_INFORMATION_FORMAT = "dwarf-with-dsym";
				ENABLE_NS_ASSERTIONS = NO;
				ENABLE_STRICT_OBJC_MSGSEND = YES;
				GCC_C_LANGUAGE_STANDARD = gnu11;
				GCC_NO_COMMON_BLOCKS = YES;
				GCC_WARN_64_TO_32_BIT_CONVERSION = YES;
				GCC_WARN_ABOUT_RETURN_TYPE = YES_ERROR;
				GCC_WARN_UNDECLARED_SELECTOR = YES;
				GCC_WARN_UNINITIALIZED_AUTOS = YES_AGGRESSIVE;
				GCC_WARN_UNUSED_FUNCTION = YES;
				GCC_WARN_UNUSED_VARIABLE = YES;
				IPHONEOS_DEPLOYMENT_TARGET = 13.4;
				MTL_ENABLE_DEBUG_INFO = NO;
				MTL_FAST_MATH = YES;
				SDKROOT = iphoneos;
				SWIFT_COMPILATION_MODE = wholemodule;
				SWIFT_OPTIMIZATION_LEVEL = "-O";
				VALIDATE_PRODUCT = YES;
			};
			name = Release;
		};
		F73ECA2B2439F8B2003C320C /* Debug */ = {
			isa = XCBuildConfiguration;
			buildSettings = {
				ASSETCATALOG_COMPILER_APPICON_NAME = AppIcon;
				CODE_SIGN_STYLE = Automatic;
				DEVELOPMENT_TEAM = 4YGCNXXR2R;
				INFOPLIST_FILE = Stop/Info.plist;
				LD_RUNPATH_SEARCH_PATHS = (
					"$(inherited)",
					"@executable_path/Frameworks",
				);
				PRODUCT_BUNDLE_IDENTIFIER = "ru.antares-software.mwmv.Stop";
				PRODUCT_NAME = "$(TARGET_NAME)";
				SWIFT_VERSION = 5.0;
				TARGETED_DEVICE_FAMILY = "1,2";
			};
			name = Debug;
		};
		F73ECA2C2439F8B2003C320C /* Release */ = {
			isa = XCBuildConfiguration;
			buildSettings = {
				ASSETCATALOG_COMPILER_APPICON_NAME = AppIcon;
				CODE_SIGN_STYLE = Automatic;
				DEVELOPMENT_TEAM = 4YGCNXXR2R;
				INFOPLIST_FILE = Stop/Info.plist;
				LD_RUNPATH_SEARCH_PATHS = (
					"$(inherited)",
					"@executable_path/Frameworks",
				);
				PRODUCT_BUNDLE_IDENTIFIER = "ru.antares-software.mwmv.Stop";
				PRODUCT_NAME = "$(TARGET_NAME)";
				SWIFT_VERSION = 5.0;
				TARGETED_DEVICE_FAMILY = "1,2";
			};
			name = Release;
		};
/* End XCBuildConfiguration section */

/* Begin XCConfigurationList section */
		F73ECA112439F8B1003C320C /* Build configuration list for PBXProject "Stop" */ = {
			isa = XCConfigurationList;
			buildConfigurations = (
				F73ECA282439F8B2003C320C /* Debug */,
				F73ECA292439F8B2003C320C /* Release */,
			);
			defaultConfigurationIsVisible = 0;
			defaultConfigurationName = Release;
		};
		F73ECA2A2439F8B2003C320C /* Build configuration list for PBXNativeTarget "Stop" */ = {
			isa = XCConfigurationList;
			buildConfigurations = (
				F73ECA2B2439F8B2003C320C /* Debug */,
				F73ECA2C2439F8B2003C320C /* Release */,
			);
			defaultConfigurationIsVisible = 0;
			defaultConfigurationName = Release;
		};
/* End XCConfigurationList section */
	};
	rootObject = F73ECA0E2439F8B1003C320C /* Project object */;
}
