// !$*UTF8*$!
{
	archiveVersion = 1;
	classes = {
	};
	objectVersion = 50;
	objects = {

/* Begin PBXBuildFile section */
		5B8641DA617EB55040D2D02A /* libPods-Stop.a in Frameworks */ = {isa = PBXBuildFile; fileRef = 08BCB25F0E322D9A10CB9DBC /* libPods-Stop.a */; };
		F71645D5243CFD2600A8673E /* UIViewWithXib.swift in Sources */ = {isa = PBXBuildFile; fileRef = F71645D4243CFD2600A8673E /* UIViewWithXib.swift */; };
		F71645D7243CFD4800A8673E /* NavigationBarView.swift in Sources */ = {isa = PBXBuildFile; fileRef = F71645D6243CFD4800A8673E /* NavigationBarView.swift */; };
		F71645D9243CFD5E00A8673E /* NavigationBarView.xib in Resources */ = {isa = PBXBuildFile; fileRef = F71645D8243CFD5E00A8673E /* NavigationBarView.xib */; };
		F71645DB243D015F00A8673E /* IBDesignableView.swift in Sources */ = {isa = PBXBuildFile; fileRef = F71645DA243D015F00A8673E /* IBDesignableView.swift */; };
		F71645DD243D021200A8673E /* Separator.swift in Sources */ = {isa = PBXBuildFile; fileRef = F71645DC243D021200A8673E /* Separator.swift */; };
		F71645DF243D0E3E00A8673E /* GameSetupViewController.swift in Sources */ = {isa = PBXBuildFile; fileRef = F71645DE243D0E3E00A8673E /* GameSetupViewController.swift */; };
		F71645E1243D1C2400A8673E /* BaseViewController.swift in Sources */ = {isa = PBXBuildFile; fileRef = F71645E0243D1C2400A8673E /* BaseViewController.swift */; };
		F71645E7243DE22700A8673E /* BaseViewController+UITextFieldDelegate.swift in Sources */ = {isa = PBXBuildFile; fileRef = F71645E6243DE22700A8673E /* BaseViewController+UITextFieldDelegate.swift */; };
		F71645E9243DE7B600A8673E /* MainMenuVC+MCNearbyServiceAdvertiserDelegate.swift in Sources */ = {isa = PBXBuildFile; fileRef = F71645E8243DE7B600A8673E /* MainMenuVC+MCNearbyServiceAdvertiserDelegate.swift */; };
		F71645EB243EC01200A8673E /* UIView+ViewsTopViewController.swift in Sources */ = {isa = PBXBuildFile; fileRef = F71645EA243EC01200A8673E /* UIView+ViewsTopViewController.swift */; };
		F71645ED243ECFBE00A8673E /* GameSetupVC+UIPickerViewDelegate.swift in Sources */ = {isa = PBXBuildFile; fileRef = F71645EC243ECFBE00A8673E /* GameSetupVC+UIPickerViewDelegate.swift */; };
		F71645EF243ECFEF00A8673E /* GameSetupVC+UIPickerViewDataSource.swift in Sources */ = {isa = PBXBuildFile; fileRef = F71645EE243ECFEF00A8673E /* GameSetupVC+UIPickerViewDataSource.swift */; };
		F71645F2243EDE0B00A8673E /* IBDesignableLabel.swift in Sources */ = {isa = PBXBuildFile; fileRef = F71645F1243EDE0B00A8673E /* IBDesignableLabel.swift */; };
		F725DD322449057100172823 /* ScoreboardViewController.swift in Sources */ = {isa = PBXBuildFile; fileRef = F725DD312449057100172823 /* ScoreboardViewController.swift */; };
		F725DD34244908D100172823 /* ScoreboardTableViewCell.swift in Sources */ = {isa = PBXBuildFile; fileRef = F725DD33244908D100172823 /* ScoreboardTableViewCell.swift */; };
		F725DD3624490A1900172823 /* ScoreboardDataSource.swift in Sources */ = {isa = PBXBuildFile; fileRef = F725DD3524490A1900172823 /* ScoreboardDataSource.swift */; };
		F73ECA1A2439F8B1003C320C /* AppDelegate.swift in Sources */ = {isa = PBXBuildFile; fileRef = F73ECA192439F8B1003C320C /* AppDelegate.swift */; };
		F73ECA1E2439F8B1003C320C /* MainMenuViewController.swift in Sources */ = {isa = PBXBuildFile; fileRef = F73ECA1D2439F8B1003C320C /* MainMenuViewController.swift */; };
		F73ECA212439F8B1003C320C /* Main.storyboard in Resources */ = {isa = PBXBuildFile; fileRef = F73ECA1F2439F8B1003C320C /* Main.storyboard */; };
		F73ECA232439F8B2003C320C /* Icons.xcassets in Resources */ = {isa = PBXBuildFile; fileRef = F73ECA222439F8B2003C320C /* Icons.xcassets */; };
		F73ECA262439F8B2003C320C /* LaunchScreen.storyboard in Resources */ = {isa = PBXBuildFile; fileRef = F73ECA242439F8B2003C320C /* LaunchScreen.storyboard */; };
		F73ECA3B243A05E6003C320C /* UIFont+Style.swift in Sources */ = {isa = PBXBuildFile; fileRef = F73ECA3A243A05E6003C320C /* UIFont+Style.swift */; };
		F763557E244522F400DE72F2 /* CategoriesManager.swift in Sources */ = {isa = PBXBuildFile; fileRef = F763557D244522F400DE72F2 /* CategoriesManager.swift */; };
		F788E7242447C2CC00C8E59C /* Keys.swift in Sources */ = {isa = PBXBuildFile; fileRef = F788E7232447C2CC00C8E59C /* Keys.swift */; };
		F7A3A39D243FBD8E00F17326 /* CategoriesViewController.swift in Sources */ = {isa = PBXBuildFile; fileRef = F7A3A39C243FBD8E00F17326 /* CategoriesViewController.swift */; };
		F7A3A3A0243FBDFC00F17326 /* CategoryTableViewCell.swift in Sources */ = {isa = PBXBuildFile; fileRef = F7A3A39F243FBDFC00F17326 /* CategoryTableViewCell.swift */; };
		F7A3A3A3243FBEAC00F17326 /* Category.swift in Sources */ = {isa = PBXBuildFile; fileRef = F7A3A3A2243FBEAC00F17326 /* Category.swift */; };
		F7A3A3A5243FC0AB00F17326 /* DataBaseManager.swift in Sources */ = {isa = PBXBuildFile; fileRef = F7A3A3A4243FC0AB00F17326 /* DataBaseManager.swift */; };
		F7A3A3A7243FC0E600F17326 /* Player.swift in Sources */ = {isa = PBXBuildFile; fileRef = F7A3A3A6243FC0E600F17326 /* Player.swift */; };
		F7A3A3AA243FC5DF00F17326 /* CategoriesDataSource.swift in Sources */ = {isa = PBXBuildFile; fileRef = F7A3A3A9243FC5DF00F17326 /* CategoriesDataSource.swift */; };
		F7A3A3AC243FC68000F17326 /* BaseDataSource.swift in Sources */ = {isa = PBXBuildFile; fileRef = F7A3A3AB243FC68000F17326 /* BaseDataSource.swift */; };
		F7A3A3AE243FCD5C00F17326 /* BaseTableViewCell.swift in Sources */ = {isa = PBXBuildFile; fileRef = F7A3A3AD243FCD5C00F17326 /* BaseTableViewCell.swift */; };
		F7A3A3B0243FF79800F17326 /* String+CapitalizeFirstLetter.swift in Sources */ = {isa = PBXBuildFile; fileRef = F7A3A3AF243FF79800F17326 /* String+CapitalizeFirstLetter.swift */; };
		F7A3A3B724400D5100F17326 /* Game.swift in Sources */ = {isa = PBXBuildFile; fileRef = F7A3A3B624400D5100F17326 /* Game.swift */; };
		F7A3A3B924400F4C00F17326 /* GameViewController.swift in Sources */ = {isa = PBXBuildFile; fileRef = F7A3A3B824400F4C00F17326 /* GameViewController.swift */; };
		F7A3A3BB244015A200F17326 /* GameCategoryTableViewCell.swift in Sources */ = {isa = PBXBuildFile; fileRef = F7A3A3BA244015A200F17326 /* GameCategoryTableViewCell.swift */; };
		F7A3A3BD244023C700F17326 /* Alert.swift in Sources */ = {isa = PBXBuildFile; fileRef = F7A3A3BC244023C700F17326 /* Alert.swift */; };
		F7A3A3BF2440259E00F17326 /* UIApplication+TopViewController.swift in Sources */ = {isa = PBXBuildFile; fileRef = F7A3A3BE2440259E00F17326 /* UIApplication+TopViewController.swift */; };
		F7A3A3C1244035B200F17326 /* GameCategoriesDataSource.swift in Sources */ = {isa = PBXBuildFile; fileRef = F7A3A3C0244035B200F17326 /* GameCategoriesDataSource.swift */; };
		F7BCE814244BDA2A00EC638A /* GameViewController+UITextFieldDelegate.swift in Sources */ = {isa = PBXBuildFile; fileRef = F7BCE813244BDA2A00EC638A /* GameViewController+UITextFieldDelegate.swift */; };
		F7BFC4552450895F00784B72 /* Main-Menu.png in Resources */ = {isa = PBXBuildFile; fileRef = F7BFC4542450895F00784B72 /* Main-Menu.png */; };
		F7C799D82440C03C0005DBFD /* Answer.swift in Sources */ = {isa = PBXBuildFile; fileRef = F7C799D72440C03C0005DBFD /* Answer.swift */; };
		F7C799DA2440C2960005DBFD /* GameManager.swift in Sources */ = {isa = PBXBuildFile; fileRef = F7C799D92440C2960005DBFD /* GameManager.swift */; };
		F7C799DC244235180005DBFD /* UIApplication+Loading.swift in Sources */ = {isa = PBXBuildFile; fileRef = F7C799DB244235180005DBFD /* UIApplication+Loading.swift */; };
		F7C799DE244271F80005DBFD /* CategoriesViewController+TableViewDelegate.swift in Sources */ = {isa = PBXBuildFile; fileRef = F7C799DD244271F80005DBFD /* CategoriesViewController+TableViewDelegate.swift */; };
		F7C799E22443B9490005DBFD /* ConnectionManager.swift in Sources */ = {isa = PBXBuildFile; fileRef = F7C799E12443B9490005DBFD /* ConnectionManager.swift */; };
		F7E591D8243B967E000CFC54 /* Colors.xcassets in Resources */ = {isa = PBXBuildFile; fileRef = F7E591D7243B967E000CFC54 /* Colors.xcassets */; };
		F7E591DA243B9787000CFC54 /* Media.xcassets in Resources */ = {isa = PBXBuildFile; fileRef = F7E591D9243B9787000CFC54 /* Media.xcassets */; };
		F7E591DC243BADDC000CFC54 /* IBDesignableButton.swift in Sources */ = {isa = PBXBuildFile; fileRef = F7E591DB243BADDC000CFC54 /* IBDesignableButton.swift */; };
		F7E591DE243BAE48000CFC54 /* UIView+Attributes.swift in Sources */ = {isa = PBXBuildFile; fileRef = F7E591DD243BAE48000CFC54 /* UIView+Attributes.swift */; };
		F7E591E4243BBA7B000CFC54 /* MainMenuVC+MCNearbyServiceBrowserDelegate.swift in Sources */ = {isa = PBXBuildFile; fileRef = F7E591E3243BBA7B000CFC54 /* MainMenuVC+MCNearbyServiceBrowserDelegate.swift */; };
		F7E591EA243BC9AD000CFC54 /* Sniglet-Regular.ttf in Resources */ = {isa = PBXBuildFile; fileRef = F7E591E8243BC9AD000CFC54 /* Sniglet-Regular.ttf */; };
		F7E591EB243BC9AD000CFC54 /* Sniglet-ExtraBold.ttf in Resources */ = {isa = PBXBuildFile; fileRef = F7E591E9243BC9AD000CFC54 /* Sniglet-ExtraBold.ttf */; };
/* End PBXBuildFile section */

/* Begin PBXFileReference section */
		08BCB25F0E322D9A10CB9DBC /* libPods-Stop.a */ = {isa = PBXFileReference; explicitFileType = archive.ar; includeInIndex = 0; path = "libPods-Stop.a"; sourceTree = BUILT_PRODUCTS_DIR; };
		2733595683FE7D29B0616C66 /* Pods-Stop.debug.xcconfig */ = {isa = PBXFileReference; includeInIndex = 1; lastKnownFileType = text.xcconfig; name = "Pods-Stop.debug.xcconfig"; path = "Target Support Files/Pods-Stop/Pods-Stop.debug.xcconfig"; sourceTree = "<group>"; };
		D106D6FE7180DE448C2B52DC /* Pods-Stop.release.xcconfig */ = {isa = PBXFileReference; includeInIndex = 1; lastKnownFileType = text.xcconfig; name = "Pods-Stop.release.xcconfig"; path = "Target Support Files/Pods-Stop/Pods-Stop.release.xcconfig"; sourceTree = "<group>"; };
		F71645D4243CFD2600A8673E /* UIViewWithXib.swift */ = {isa = PBXFileReference; lastKnownFileType = sourcecode.swift; path = UIViewWithXib.swift; sourceTree = "<group>"; };
		F71645D6243CFD4800A8673E /* NavigationBarView.swift */ = {isa = PBXFileReference; lastKnownFileType = sourcecode.swift; path = NavigationBarView.swift; sourceTree = "<group>"; };
		F71645D8243CFD5E00A8673E /* NavigationBarView.xib */ = {isa = PBXFileReference; lastKnownFileType = file.xib; path = NavigationBarView.xib; sourceTree = "<group>"; };
		F71645DA243D015F00A8673E /* IBDesignableView.swift */ = {isa = PBXFileReference; lastKnownFileType = sourcecode.swift; path = IBDesignableView.swift; sourceTree = "<group>"; };
		F71645DC243D021200A8673E /* Separator.swift */ = {isa = PBXFileReference; fileEncoding = 4; lastKnownFileType = sourcecode.swift; path = Separator.swift; sourceTree = "<group>"; };
		F71645DE243D0E3E00A8673E /* GameSetupViewController.swift */ = {isa = PBXFileReference; lastKnownFileType = sourcecode.swift; path = GameSetupViewController.swift; sourceTree = "<group>"; };
		F71645E0243D1C2400A8673E /* BaseViewController.swift */ = {isa = PBXFileReference; lastKnownFileType = sourcecode.swift; path = BaseViewController.swift; sourceTree = "<group>"; };
		F71645E6243DE22700A8673E /* BaseViewController+UITextFieldDelegate.swift */ = {isa = PBXFileReference; lastKnownFileType = sourcecode.swift; path = "BaseViewController+UITextFieldDelegate.swift"; sourceTree = "<group>"; };
		F71645E8243DE7B600A8673E /* MainMenuVC+MCNearbyServiceAdvertiserDelegate.swift */ = {isa = PBXFileReference; lastKnownFileType = sourcecode.swift; path = "MainMenuVC+MCNearbyServiceAdvertiserDelegate.swift"; sourceTree = "<group>"; };
		F71645EA243EC01200A8673E /* UIView+ViewsTopViewController.swift */ = {isa = PBXFileReference; lastKnownFileType = sourcecode.swift; path = "UIView+ViewsTopViewController.swift"; sourceTree = "<group>"; };
		F71645EC243ECFBE00A8673E /* GameSetupVC+UIPickerViewDelegate.swift */ = {isa = PBXFileReference; lastKnownFileType = sourcecode.swift; path = "GameSetupVC+UIPickerViewDelegate.swift"; sourceTree = "<group>"; };
		F71645EE243ECFEF00A8673E /* GameSetupVC+UIPickerViewDataSource.swift */ = {isa = PBXFileReference; lastKnownFileType = sourcecode.swift; path = "GameSetupVC+UIPickerViewDataSource.swift"; sourceTree = "<group>"; };
		F71645F1243EDE0B00A8673E /* IBDesignableLabel.swift */ = {isa = PBXFileReference; lastKnownFileType = sourcecode.swift; path = IBDesignableLabel.swift; sourceTree = "<group>"; };
		F725DD312449057100172823 /* ScoreboardViewController.swift */ = {isa = PBXFileReference; lastKnownFileType = sourcecode.swift; path = ScoreboardViewController.swift; sourceTree = "<group>"; };
		F725DD33244908D100172823 /* ScoreboardTableViewCell.swift */ = {isa = PBXFileReference; lastKnownFileType = sourcecode.swift; path = ScoreboardTableViewCell.swift; sourceTree = "<group>"; };
		F725DD3524490A1900172823 /* ScoreboardDataSource.swift */ = {isa = PBXFileReference; lastKnownFileType = sourcecode.swift; path = ScoreboardDataSource.swift; sourceTree = "<group>"; };
		F73ECA162439F8B1003C320C /* Stop.app */ = {isa = PBXFileReference; explicitFileType = wrapper.application; includeInIndex = 0; path = Stop.app; sourceTree = BUILT_PRODUCTS_DIR; };
		F73ECA192439F8B1003C320C /* AppDelegate.swift */ = {isa = PBXFileReference; lastKnownFileType = sourcecode.swift; path = AppDelegate.swift; sourceTree = "<group>"; };
		F73ECA1D2439F8B1003C320C /* MainMenuViewController.swift */ = {isa = PBXFileReference; lastKnownFileType = sourcecode.swift; path = MainMenuViewController.swift; sourceTree = "<group>"; };
		F73ECA202439F8B1003C320C /* Base */ = {isa = PBXFileReference; lastKnownFileType = file.storyboard; name = Base; path = Base.lproj/Main.storyboard; sourceTree = "<group>"; };
		F73ECA222439F8B2003C320C /* Icons.xcassets */ = {isa = PBXFileReference; lastKnownFileType = folder.assetcatalog; path = Icons.xcassets; sourceTree = "<group>"; };
		F73ECA252439F8B2003C320C /* Base */ = {isa = PBXFileReference; lastKnownFileType = file.storyboard; name = Base; path = Base.lproj/LaunchScreen.storyboard; sourceTree = "<group>"; };
		F73ECA272439F8B2003C320C /* Info.plist */ = {isa = PBXFileReference; lastKnownFileType = text.plist.xml; path = Info.plist; sourceTree = "<group>"; };
		F73ECA3A243A05E6003C320C /* UIFont+Style.swift */ = {isa = PBXFileReference; lastKnownFileType = sourcecode.swift; path = "UIFont+Style.swift"; sourceTree = "<group>"; };
		F763557D244522F400DE72F2 /* CategoriesManager.swift */ = {isa = PBXFileReference; lastKnownFileType = sourcecode.swift; path = CategoriesManager.swift; sourceTree = "<group>"; };
		F788E7232447C2CC00C8E59C /* Keys.swift */ = {isa = PBXFileReference; lastKnownFileType = sourcecode.swift; path = Keys.swift; sourceTree = "<group>"; };
		F7A3A39C243FBD8E00F17326 /* CategoriesViewController.swift */ = {isa = PBXFileReference; lastKnownFileType = sourcecode.swift; path = CategoriesViewController.swift; sourceTree = "<group>"; };
		F7A3A39F243FBDFC00F17326 /* CategoryTableViewCell.swift */ = {isa = PBXFileReference; lastKnownFileType = sourcecode.swift; path = CategoryTableViewCell.swift; sourceTree = "<group>"; };
		F7A3A3A2243FBEAC00F17326 /* Category.swift */ = {isa = PBXFileReference; lastKnownFileType = sourcecode.swift; path = Category.swift; sourceTree = "<group>"; };
		F7A3A3A4243FC0AB00F17326 /* DataBaseManager.swift */ = {isa = PBXFileReference; lastKnownFileType = sourcecode.swift; path = DataBaseManager.swift; sourceTree = "<group>"; };
		F7A3A3A6243FC0E600F17326 /* Player.swift */ = {isa = PBXFileReference; lastKnownFileType = sourcecode.swift; path = Player.swift; sourceTree = "<group>"; };
		F7A3A3A9243FC5DF00F17326 /* CategoriesDataSource.swift */ = {isa = PBXFileReference; lastKnownFileType = sourcecode.swift; path = CategoriesDataSource.swift; sourceTree = "<group>"; };
		F7A3A3AB243FC68000F17326 /* BaseDataSource.swift */ = {isa = PBXFileReference; lastKnownFileType = sourcecode.swift; path = BaseDataSource.swift; sourceTree = "<group>"; };
		F7A3A3AD243FCD5C00F17326 /* BaseTableViewCell.swift */ = {isa = PBXFileReference; lastKnownFileType = sourcecode.swift; path = BaseTableViewCell.swift; sourceTree = "<group>"; };
		F7A3A3AF243FF79800F17326 /* String+CapitalizeFirstLetter.swift */ = {isa = PBXFileReference; lastKnownFileType = sourcecode.swift; path = "String+CapitalizeFirstLetter.swift"; sourceTree = "<group>"; };
		F7A3A3B624400D5100F17326 /* Game.swift */ = {isa = PBXFileReference; lastKnownFileType = sourcecode.swift; path = Game.swift; sourceTree = "<group>"; };
		F7A3A3B824400F4C00F17326 /* GameViewController.swift */ = {isa = PBXFileReference; lastKnownFileType = sourcecode.swift; path = GameViewController.swift; sourceTree = "<group>"; };
		F7A3A3BA244015A200F17326 /* GameCategoryTableViewCell.swift */ = {isa = PBXFileReference; lastKnownFileType = sourcecode.swift; path = GameCategoryTableViewCell.swift; sourceTree = "<group>"; };
		F7A3A3BC244023C700F17326 /* Alert.swift */ = {isa = PBXFileReference; lastKnownFileType = sourcecode.swift; path = Alert.swift; sourceTree = "<group>"; };
		F7A3A3BE2440259E00F17326 /* UIApplication+TopViewController.swift */ = {isa = PBXFileReference; lastKnownFileType = sourcecode.swift; path = "UIApplication+TopViewController.swift"; sourceTree = "<group>"; };
		F7A3A3C0244035B200F17326 /* GameCategoriesDataSource.swift */ = {isa = PBXFileReference; lastKnownFileType = sourcecode.swift; path = GameCategoriesDataSource.swift; sourceTree = "<group>"; };
		F7BCE813244BDA2A00EC638A /* GameViewController+UITextFieldDelegate.swift */ = {isa = PBXFileReference; lastKnownFileType = sourcecode.swift; path = "GameViewController+UITextFieldDelegate.swift"; sourceTree = "<group>"; };
		F7BFC4542450895F00784B72 /* Main-Menu.png */ = {isa = PBXFileReference; lastKnownFileType = image.png; path = "Main-Menu.png"; sourceTree = "<group>"; };
		F7C799D72440C03C0005DBFD /* Answer.swift */ = {isa = PBXFileReference; lastKnownFileType = sourcecode.swift; path = Answer.swift; sourceTree = "<group>"; };
		F7C799D92440C2960005DBFD /* GameManager.swift */ = {isa = PBXFileReference; lastKnownFileType = sourcecode.swift; path = GameManager.swift; sourceTree = "<group>"; };
		F7C799DB244235180005DBFD /* UIApplication+Loading.swift */ = {isa = PBXFileReference; lastKnownFileType = sourcecode.swift; path = "UIApplication+Loading.swift"; sourceTree = "<group>"; };
		F7C799DD244271F80005DBFD /* CategoriesViewController+TableViewDelegate.swift */ = {isa = PBXFileReference; lastKnownFileType = sourcecode.swift; path = "CategoriesViewController+TableViewDelegate.swift"; sourceTree = "<group>"; };
		F7C799E12443B9490005DBFD /* ConnectionManager.swift */ = {isa = PBXFileReference; lastKnownFileType = sourcecode.swift; path = ConnectionManager.swift; sourceTree = "<group>"; };
		F7E591D7243B967E000CFC54 /* Colors.xcassets */ = {isa = PBXFileReference; lastKnownFileType = folder.assetcatalog; path = Colors.xcassets; sourceTree = "<group>"; };
		F7E591D9243B9787000CFC54 /* Media.xcassets */ = {isa = PBXFileReference; lastKnownFileType = folder.assetcatalog; path = Media.xcassets; sourceTree = "<group>"; };
		F7E591DB243BADDC000CFC54 /* IBDesignableButton.swift */ = {isa = PBXFileReference; lastKnownFileType = sourcecode.swift; path = IBDesignableButton.swift; sourceTree = "<group>"; };
		F7E591DD243BAE48000CFC54 /* UIView+Attributes.swift */ = {isa = PBXFileReference; fileEncoding = 4; lastKnownFileType = sourcecode.swift; path = "UIView+Attributes.swift"; sourceTree = "<group>"; };
		F7E591E3243BBA7B000CFC54 /* MainMenuVC+MCNearbyServiceBrowserDelegate.swift */ = {isa = PBXFileReference; lastKnownFileType = sourcecode.swift; path = "MainMenuVC+MCNearbyServiceBrowserDelegate.swift"; sourceTree = "<group>"; };
		F7E591E8243BC9AD000CFC54 /* Sniglet-Regular.ttf */ = {isa = PBXFileReference; lastKnownFileType = file; path = "Sniglet-Regular.ttf"; sourceTree = "<group>"; };
		F7E591E9243BC9AD000CFC54 /* Sniglet-ExtraBold.ttf */ = {isa = PBXFileReference; lastKnownFileType = file; path = "Sniglet-ExtraBold.ttf"; sourceTree = "<group>"; };
/* End PBXFileReference section */

/* Begin PBXFrameworksBuildPhase section */
		F73ECA132439F8B1003C320C /* Frameworks */ = {
			isa = PBXFrameworksBuildPhase;
			buildActionMask = 2147483647;
			files = (
				5B8641DA617EB55040D2D02A /* libPods-Stop.a in Frameworks */,
			);
			runOnlyForDeploymentPostprocessing = 0;
		};
/* End PBXFrameworksBuildPhase section */

/* Begin PBXGroup section */
		60FA1C923ABB264832DFFA0F /* Frameworks */ = {
			isa = PBXGroup;
			children = (
				08BCB25F0E322D9A10CB9DBC /* libPods-Stop.a */,
			);
			name = Frameworks;
			sourceTree = "<group>";
		};
		F71645D1243CFC7F00A8673E /* Nibs */ = {
			isa = PBXGroup;
			children = (
				F71645D8243CFD5E00A8673E /* NavigationBarView.xib */,
			);
			path = Nibs;
			sourceTree = "<group>";
		};
		F71645D2243CFC8800A8673E /* Classes */ = {
			isa = PBXGroup;
			children = (
				F71645D4243CFD2600A8673E /* UIViewWithXib.swift */,
				F71645D6243CFD4800A8673E /* NavigationBarView.swift */,
			);
			path = Classes;
			sourceTree = "<group>";
		};
		F71645D3243CFCC100A8673E /* Reusable Views */ = {
			isa = PBXGroup;
			children = (
				F71645DC243D021200A8673E /* Separator.swift */,
				F71645D2243CFC8800A8673E /* Classes */,
				F71645D1243CFC7F00A8673E /* Nibs */,
			);
			path = "Reusable Views";
			sourceTree = "<group>";
		};
		F73ECA0D2439F8B1003C320C = {
			isa = PBXGroup;
			children = (
				F7BFC4532450895F00784B72 /* Screenshots */,
				F73ECA182439F8B1003C320C /* Stop */,
				F73ECA172439F8B1003C320C /* Products */,
				FD0E0E166B72F491AAD6AF5D /* Pods */,
				60FA1C923ABB264832DFFA0F /* Frameworks */,
			);
			sourceTree = "<group>";
		};
		F73ECA172439F8B1003C320C /* Products */ = {
			isa = PBXGroup;
			children = (
				F73ECA162439F8B1003C320C /* Stop.app */,
			);
			name = Products;
			sourceTree = "<group>";
		};
		F73ECA182439F8B1003C320C /* Stop */ = {
			isa = PBXGroup;
			children = (
				F7E591E5243BBF04000CFC54 /* Helpers */,
				F73ECA33243A03BB003C320C /* Assets */,
				F73ECA2D243A036E003C320C /* Data */,
				F73ECA2E243A0376003C320C /* Delegates */,
				F73ECA37243A041F003C320C /* Extensions */,
				F73ECA36243A0416003C320C /* FontFamily */,
				F73ECA272439F8B2003C320C /* Info.plist */,
				F73ECA34243A03CA003C320C /* Storyboards */,
				F73ECA2F243A038C003C320C /* View Controllers */,
				F73ECA32243A03AC003C320C /* Views */,
			);
			path = Stop;
			sourceTree = "<group>";
		};
		F73ECA2D243A036E003C320C /* Data */ = {
			isa = PBXGroup;
			children = (
				F7A3A3A8243FC5CB00F17326 /* Data Source */,
				F73ECA31243A03A4003C320C /* Managers */,
				F73ECA30243A0397003C320C /* Models */,
			);
			path = Data;
			sourceTree = "<group>";
		};
		F73ECA2E243A0376003C320C /* Delegates */ = {
			isa = PBXGroup;
			children = (
				F73ECA192439F8B1003C320C /* AppDelegate.swift */,
			);
			path = Delegates;
			sourceTree = "<group>";
		};
		F73ECA2F243A038C003C320C /* View Controllers */ = {
			isa = PBXGroup;
			children = (
				F71645E0243D1C2400A8673E /* BaseViewController.swift */,
				F7A3A39C243FBD8E00F17326 /* CategoriesViewController.swift */,
				F71645DE243D0E3E00A8673E /* GameSetupViewController.swift */,
				F7A3A3B824400F4C00F17326 /* GameViewController.swift */,
				F73ECA1D2439F8B1003C320C /* MainMenuViewController.swift */,
				F725DD312449057100172823 /* ScoreboardViewController.swift */,
			);
			path = "View Controllers";
			sourceTree = "<group>";
		};
		F73ECA30243A0397003C320C /* Models */ = {
			isa = PBXGroup;
			children = (
				F7C799D72440C03C0005DBFD /* Answer.swift */,
				F7A3A3A2243FBEAC00F17326 /* Category.swift */,
				F7A3A3B624400D5100F17326 /* Game.swift */,
				F7A3A3A6243FC0E600F17326 /* Player.swift */,
			);
			path = Models;
			sourceTree = "<group>";
		};
		F73ECA31243A03A4003C320C /* Managers */ = {
			isa = PBXGroup;
			children = (
				F763557D244522F400DE72F2 /* CategoriesManager.swift */,
				F7C799E12443B9490005DBFD /* ConnectionManager.swift */,
				F7A3A3A4243FC0AB00F17326 /* DataBaseManager.swift */,
				F7C799D92440C2960005DBFD /* GameManager.swift */,
			);
			path = Managers;
			sourceTree = "<group>";
		};
		F73ECA32243A03AC003C320C /* Views */ = {
			isa = PBXGroup;
			children = (
				F7A3A3A1243FBDFF00F17326 /* Cells */,
				F7A3A39E243FBDD200F17326 /* Designables */,
				F71645D3243CFCC100A8673E /* Reusable Views */,
			);
			path = Views;
			sourceTree = "<group>";
		};
		F73ECA33243A03BB003C320C /* Assets */ = {
			isa = PBXGroup;
			children = (
				F73ECA222439F8B2003C320C /* Icons.xcassets */,
				F7E591D7243B967E000CFC54 /* Colors.xcassets */,
				F7E591D9243B9787000CFC54 /* Media.xcassets */,
			);
			path = Assets;
			sourceTree = "<group>";
		};
		F73ECA34243A03CA003C320C /* Storyboards */ = {
			isa = PBXGroup;
			children = (
				F73ECA242439F8B2003C320C /* LaunchScreen.storyboard */,
				F73ECA1F2439F8B1003C320C /* Main.storyboard */,
			);
			path = Storyboards;
			sourceTree = "<group>";
		};
		F73ECA36243A0416003C320C /* FontFamily */ = {
			isa = PBXGroup;
			children = (
				F7E591E9243BC9AD000CFC54 /* Sniglet-ExtraBold.ttf */,
				F7E591E8243BC9AD000CFC54 /* Sniglet-Regular.ttf */,
			);
			name = FontFamily;
			sourceTree = "<group>";
		};
		F73ECA37243A041F003C320C /* Extensions */ = {
			isa = PBXGroup;
			children = (
				F71645E6243DE22700A8673E /* BaseViewController+UITextFieldDelegate.swift */,
				F7C799DD244271F80005DBFD /* CategoriesViewController+TableViewDelegate.swift */,
				F71645EE243ECFEF00A8673E /* GameSetupVC+UIPickerViewDataSource.swift */,
				F71645EC243ECFBE00A8673E /* GameSetupVC+UIPickerViewDelegate.swift */,
				F7BCE813244BDA2A00EC638A /* GameViewController+UITextFieldDelegate.swift */,
				F71645E8243DE7B600A8673E /* MainMenuVC+MCNearbyServiceAdvertiserDelegate.swift */,
				F7E591E3243BBA7B000CFC54 /* MainMenuVC+MCNearbyServiceBrowserDelegate.swift */,
				F7A3A3AF243FF79800F17326 /* String+CapitalizeFirstLetter.swift */,
				F7C799DB244235180005DBFD /* UIApplication+Loading.swift */,
				F7A3A3BE2440259E00F17326 /* UIApplication+TopViewController.swift */,
				F73ECA3A243A05E6003C320C /* UIFont+Style.swift */,
				F7E591DD243BAE48000CFC54 /* UIView+Attributes.swift */,
				F71645EA243EC01200A8673E /* UIView+ViewsTopViewController.swift */,
			);
			path = Extensions;
			sourceTree = "<group>";
		};
		F7A3A39E243FBDD200F17326 /* Designables */ = {
			isa = PBXGroup;
			children = (
				F7E591DB243BADDC000CFC54 /* IBDesignableButton.swift */,
				F71645F1243EDE0B00A8673E /* IBDesignableLabel.swift */,
				F71645DA243D015F00A8673E /* IBDesignableView.swift */,
			);
			path = Designables;
			sourceTree = "<group>";
		};
		F7A3A3A1243FBDFF00F17326 /* Cells */ = {
			isa = PBXGroup;
			children = (
				F7A3A3AD243FCD5C00F17326 /* BaseTableViewCell.swift */,
				F7A3A39F243FBDFC00F17326 /* CategoryTableViewCell.swift */,
				F7A3A3BA244015A200F17326 /* GameCategoryTableViewCell.swift */,
				F725DD33244908D100172823 /* ScoreboardTableViewCell.swift */,
			);
			path = Cells;
			sourceTree = "<group>";
		};
		F7A3A3A8243FC5CB00F17326 /* Data Source */ = {
			isa = PBXGroup;
			children = (
				F7A3A3AB243FC68000F17326 /* BaseDataSource.swift */,
				F7A3A3A9243FC5DF00F17326 /* CategoriesDataSource.swift */,
				F7A3A3C0244035B200F17326 /* GameCategoriesDataSource.swift */,
				F725DD3524490A1900172823 /* ScoreboardDataSource.swift */,
			);
			path = "Data Source";
			sourceTree = "<group>";
		};
		F7BFC4532450895F00784B72 /* Screenshots */ = {
			isa = PBXGroup;
			children = (
				F7BFC4542450895F00784B72 /* Main-Menu.png */,
			);
			name = Screenshots;
			path = Stop/Screenshots;
			sourceTree = "<group>";
		};
		F7E591E5243BBF04000CFC54 /* Helpers */ = {
			isa = PBXGroup;
			children = (
				F7A3A3BC244023C700F17326 /* Alert.swift */,
				F788E7232447C2CC00C8E59C /* Keys.swift */,
			);
			path = Helpers;
			sourceTree = "<group>";
		};
		FD0E0E166B72F491AAD6AF5D /* Pods */ = {
			isa = PBXGroup;
			children = (
				2733595683FE7D29B0616C66 /* Pods-Stop.debug.xcconfig */,
				D106D6FE7180DE448C2B52DC /* Pods-Stop.release.xcconfig */,
			);
			path = Pods;
			sourceTree = "<group>";
		};
/* End PBXGroup section */

/* Begin PBXNativeTarget section */
		F73ECA152439F8B1003C320C /* Stop */ = {
			isa = PBXNativeTarget;
			buildConfigurationList = F73ECA2A2439F8B2003C320C /* Build configuration list for PBXNativeTarget "Stop" */;
			buildPhases = (
				B402665EC330D2A88E36C9E8 /* [CP] Check Pods Manifest.lock */,
				F73ECA122439F8B1003C320C /* Sources */,
				F73ECA132439F8B1003C320C /* Frameworks */,
				F73ECA142439F8B1003C320C /* Resources */,
			);
			buildRules = (
			);
			dependencies = (
			);
			name = Stop;
			productName = Stop;
			productReference = F73ECA162439F8B1003C320C /* Stop.app */;
			productType = "com.apple.product-type.application";
		};
/* End PBXNativeTarget section */

/* Begin PBXProject section */
		F73ECA0E2439F8B1003C320C /* Project object */ = {
			isa = PBXProject;
			attributes = {
				LastSwiftUpdateCheck = 1140;
				LastUpgradeCheck = 1140;
				ORGANIZATIONNAME = "Antares Software Group";
				TargetAttributes = {
					F73ECA152439F8B1003C320C = {
						CreatedOnToolsVersion = 11.4;
					};
				};
			};
			buildConfigurationList = F73ECA112439F8B1003C320C /* Build configuration list for PBXProject "Stop" */;
			compatibilityVersion = "Xcode 9.3";
			developmentRegion = en;
			hasScannedForEncodings = 0;
			knownRegions = (
				en,
				Base,
			);
			mainGroup = F73ECA0D2439F8B1003C320C;
			productRefGroup = F73ECA172439F8B1003C320C /* Products */;
			projectDirPath = "";
			projectRoot = "";
			targets = (
				F73ECA152439F8B1003C320C /* Stop */,
			);
		};
/* End PBXProject section */

/* Begin PBXResourcesBuildPhase section */
		F73ECA142439F8B1003C320C /* Resources */ = {
			isa = PBXResourcesBuildPhase;
			buildActionMask = 2147483647;
			files = (
				F7BFC4552450895F00784B72 /* Main-Menu.png in Resources */,
				F7E591DA243B9787000CFC54 /* Media.xcassets in Resources */,
				F73ECA262439F8B2003C320C /* LaunchScreen.storyboard in Resources */,
				F7E591D8243B967E000CFC54 /* Colors.xcassets in Resources */,
				F73ECA232439F8B2003C320C /* Icons.xcassets in Resources */,
				F7E591EA243BC9AD000CFC54 /* Sniglet-Regular.ttf in Resources */,
				F7E591EB243BC9AD000CFC54 /* Sniglet-ExtraBold.ttf in Resources */,
				F71645D9243CFD5E00A8673E /* NavigationBarView.xib in Resources */,
				F73ECA212439F8B1003C320C /* Main.storyboard in Resources */,
			);
			runOnlyForDeploymentPostprocessing = 0;
		};
/* End PBXResourcesBuildPhase section */

/* Begin PBXShellScriptBuildPhase section */
		B402665EC330D2A88E36C9E8 /* [CP] Check Pods Manifest.lock */ = {
			isa = PBXShellScriptBuildPhase;
			buildActionMask = 2147483647;
			files = (
			);
			inputFileListPaths = (
			);
			inputPaths = (
				"${PODS_PODFILE_DIR_PATH}/Podfile.lock",
				"${PODS_ROOT}/Manifest.lock",
			);
			name = "[CP] Check Pods Manifest.lock";
			outputFileListPaths = (
			);
			outputPaths = (
				"$(DERIVED_FILE_DIR)/Pods-Stop-checkManifestLockResult.txt",
			);
			runOnlyForDeploymentPostprocessing = 0;
			shellPath = /bin/sh;
			shellScript = "diff \"${PODS_PODFILE_DIR_PATH}/Podfile.lock\" \"${PODS_ROOT}/Manifest.lock\" > /dev/null\nif [ $? != 0 ] ; then\n    # print error to STDERR\n    echo \"error: The sandbox is not in sync with the Podfile.lock. Run 'pod install' or update your CocoaPods installation.\" >&2\n    exit 1\nfi\n# This output is used by Xcode 'outputs' to avoid re-running this script phase.\necho \"SUCCESS\" > \"${SCRIPT_OUTPUT_FILE_0}\"\n";
			showEnvVarsInLog = 0;
		};
/* End PBXShellScriptBuildPhase section */

/* Begin PBXSourcesBuildPhase section */
		F73ECA122439F8B1003C320C /* Sources */ = {
			isa = PBXSourcesBuildPhase;
			buildActionMask = 2147483647;
			files = (
				F71645E7243DE22700A8673E /* BaseViewController+UITextFieldDelegate.swift in Sources */,
				F7C799DA2440C2960005DBFD /* GameManager.swift in Sources */,
				F7C799DC244235180005DBFD /* UIApplication+Loading.swift in Sources */,
				F725DD3624490A1900172823 /* ScoreboardDataSource.swift in Sources */,
				F71645E1243D1C2400A8673E /* BaseViewController.swift in Sources */,
				F7A3A3C1244035B200F17326 /* GameCategoriesDataSource.swift in Sources */,
				F7C799E22443B9490005DBFD /* ConnectionManager.swift in Sources */,
				F7C799DE244271F80005DBFD /* CategoriesViewController+TableViewDelegate.swift in Sources */,
				F71645EB243EC01200A8673E /* UIView+ViewsTopViewController.swift in Sources */,
				F7A3A3AA243FC5DF00F17326 /* CategoriesDataSource.swift in Sources */,
				F788E7242447C2CC00C8E59C /* Keys.swift in Sources */,
				F7A3A3AE243FCD5C00F17326 /* BaseTableViewCell.swift in Sources */,
				F7A3A3B0243FF79800F17326 /* String+CapitalizeFirstLetter.swift in Sources */,
				F73ECA1E2439F8B1003C320C /* MainMenuViewController.swift in Sources */,
				F7A3A3A7243FC0E600F17326 /* Player.swift in Sources */,
				F71645ED243ECFBE00A8673E /* GameSetupVC+UIPickerViewDelegate.swift in Sources */,
				F73ECA1A2439F8B1003C320C /* AppDelegate.swift in Sources */,
				F7A3A3B924400F4C00F17326 /* GameViewController.swift in Sources */,
				F71645DB243D015F00A8673E /* IBDesignableView.swift in Sources */,
				F725DD322449057100172823 /* ScoreboardViewController.swift in Sources */,
				F725DD34244908D100172823 /* ScoreboardTableViewCell.swift in Sources */,
				F71645E9243DE7B600A8673E /* MainMenuVC+MCNearbyServiceAdvertiserDelegate.swift in Sources */,
				F73ECA3B243A05E6003C320C /* UIFont+Style.swift in Sources */,
				F71645D7243CFD4800A8673E /* NavigationBarView.swift in Sources */,
				F7E591E4243BBA7B000CFC54 /* MainMenuVC+MCNearbyServiceBrowserDelegate.swift in Sources */,
				F7C799D82440C03C0005DBFD /* Answer.swift in Sources */,
				F7A3A3A0243FBDFC00F17326 /* CategoryTableViewCell.swift in Sources */,
				F7A3A3B724400D5100F17326 /* Game.swift in Sources */,
				F71645F2243EDE0B00A8673E /* IBDesignableLabel.swift in Sources */,
				F7E591DE243BAE48000CFC54 /* UIView+Attributes.swift in Sources */,
				F7A3A3A5243FC0AB00F17326 /* DataBaseManager.swift in Sources */,
				F7A3A3BB244015A200F17326 /* GameCategoryTableViewCell.swift in Sources */,
				F7A3A39D243FBD8E00F17326 /* CategoriesViewController.swift in Sources */,
				F7E591DC243BADDC000CFC54 /* IBDesignableButton.swift in Sources */,
				F71645EF243ECFEF00A8673E /* GameSetupVC+UIPickerViewDataSource.swift in Sources */,
				F7A3A3AC243FC68000F17326 /* BaseDataSource.swift in Sources */,
				F71645D5243CFD2600A8673E /* UIViewWithXib.swift in Sources */,
				F763557E244522F400DE72F2 /* CategoriesManager.swift in Sources */,
				F71645DF243D0E3E00A8673E /* GameSetupViewController.swift in Sources */,
				F71645DD243D021200A8673E /* Separator.swift in Sources */,
				F7A3A3BF2440259E00F17326 /* UIApplication+TopViewController.swift in Sources */,
				F7BCE814244BDA2A00EC638A /* GameViewController+UITextFieldDelegate.swift in Sources */,
				F7A3A3BD244023C700F17326 /* Alert.swift in Sources */,
				F7A3A3A3243FBEAC00F17326 /* Category.swift in Sources */,
			);
			runOnlyForDeploymentPostprocessing = 0;
		};
/* End PBXSourcesBuildPhase section */

/* Begin PBXVariantGroup section */
		F73ECA1F2439F8B1003C320C /* Main.storyboard */ = {
			isa = PBXVariantGroup;
			children = (
				F73ECA202439F8B1003C320C /* Base */,
			);
			name = Main.storyboard;
			sourceTree = "<group>";
		};
		F73ECA242439F8B2003C320C /* LaunchScreen.storyboard */ = {
			isa = PBXVariantGroup;
			children = (
				F73ECA252439F8B2003C320C /* Base */,
			);
			name = LaunchScreen.storyboard;
			sourceTree = "<group>";
		};
/* End PBXVariantGroup section */

/* Begin XCBuildConfiguration section */
		F73ECA282439F8B2003C320C /* Debug */ = {
			isa = XCBuildConfiguration;
			buildSettings = {
				ALWAYS_SEARCH_USER_PATHS = NO;
				CLANG_ANALYZER_NONNULL = YES;
				CLANG_ANALYZER_NUMBER_OBJECT_CONVERSION = YES_AGGRESSIVE;
				CLANG_CXX_LANGUAGE_STANDARD = "gnu++14";
				CLANG_CXX_LIBRARY = "libc++";
				CLANG_ENABLE_MODULES = YES;
				CLANG_ENABLE_OBJC_ARC = YES;
				CLANG_ENABLE_OBJC_WEAK = YES;
				CLANG_WARN_BLOCK_CAPTURE_AUTORELEASING = YES;
				CLANG_WARN_BOOL_CONVERSION = YES;
				CLANG_WARN_COMMA = YES;
				CLANG_WARN_CONSTANT_CONVERSION = YES;
				CLANG_WARN_DEPRECATED_OBJC_IMPLEMENTATIONS = YES;
				CLANG_WARN_DIRECT_OBJC_ISA_USAGE = YES_ERROR;
				CLANG_WARN_DOCUMENTATION_COMMENTS = YES;
				CLANG_WARN_EMPTY_BODY = YES;
				CLANG_WARN_ENUM_CONVERSION = YES;
				CLANG_WARN_INFINITE_RECURSION = YES;
				CLANG_WARN_INT_CONVERSION = YES;
				CLANG_WARN_NON_LITERAL_NULL_CONVERSION = YES;
				CLANG_WARN_OBJC_IMPLICIT_RETAIN_SELF = YES;
				CLANG_WARN_OBJC_LITERAL_CONVERSION = YES;
				CLANG_WARN_OBJC_ROOT_CLASS = YES_ERROR;
				CLANG_WARN_RANGE_LOOP_ANALYSIS = YES;
				CLANG_WARN_STRICT_PROTOTYPES = YES;
				CLANG_WARN_SUSPICIOUS_MOVE = YES;
				CLANG_WARN_UNGUARDED_AVAILABILITY = YES_AGGRESSIVE;
				CLANG_WARN_UNREACHABLE_CODE = YES;
				CLANG_WARN__DUPLICATE_METHOD_MATCH = YES;
				COPY_PHASE_STRIP = NO;
				DEBUG_INFORMATION_FORMAT = dwarf;
				ENABLE_STRICT_OBJC_MSGSEND = YES;
				ENABLE_TESTABILITY = YES;
				GCC_C_LANGUAGE_STANDARD = gnu11;
				GCC_DYNAMIC_NO_PIC = NO;
				GCC_NO_COMMON_BLOCKS = YES;
				GCC_OPTIMIZATION_LEVEL = 0;
				GCC_PREPROCESSOR_DEFINITIONS = (
					"DEBUG=1",
					"$(inherited)",
				);
				GCC_WARN_64_TO_32_BIT_CONVERSION = YES;
				GCC_WARN_ABOUT_RETURN_TYPE = YES_ERROR;
				GCC_WARN_UNDECLARED_SELECTOR = YES;
				GCC_WARN_UNINITIALIZED_AUTOS = YES_AGGRESSIVE;
				GCC_WARN_UNUSED_FUNCTION = YES;
				GCC_WARN_UNUSED_VARIABLE = YES;
				IPHONEOS_DEPLOYMENT_TARGET = 13.0;
				MTL_ENABLE_DEBUG_INFO = INCLUDE_SOURCE;
				MTL_FAST_MATH = YES;
				ONLY_ACTIVE_ARCH = YES;
				SDKROOT = iphoneos;
				SWIFT_ACTIVE_COMPILATION_CONDITIONS = DEBUG;
				SWIFT_OPTIMIZATION_LEVEL = "-Onone";
			};
			name = Debug;
		};
		F73ECA292439F8B2003C320C /* Release */ = {
			isa = XCBuildConfiguration;
			buildSettings = {
				ALWAYS_SEARCH_USER_PATHS = NO;
				CLANG_ANALYZER_NONNULL = YES;
				CLANG_ANALYZER_NUMBER_OBJECT_CONVERSION = YES_AGGRESSIVE;
				CLANG_CXX_LANGUAGE_STANDARD = "gnu++14";
				CLANG_CXX_LIBRARY = "libc++";
				CLANG_ENABLE_MODULES = YES;
				CLANG_ENABLE_OBJC_ARC = YES;
				CLANG_ENABLE_OBJC_WEAK = YES;
				CLANG_WARN_BLOCK_CAPTURE_AUTORELEASING = YES;
				CLANG_WARN_BOOL_CONVERSION = YES;
				CLANG_WARN_COMMA = YES;
				CLANG_WARN_CONSTANT_CONVERSION = YES;
				CLANG_WARN_DEPRECATED_OBJC_IMPLEMENTATIONS = YES;
				CLANG_WARN_DIRECT_OBJC_ISA_USAGE = YES_ERROR;
				CLANG_WARN_DOCUMENTATION_COMMENTS = YES;
				CLANG_WARN_EMPTY_BODY = YES;
				CLANG_WARN_ENUM_CONVERSION = YES;
				CLANG_WARN_INFINITE_RECURSION = YES;
				CLANG_WARN_INT_CONVERSION = YES;
				CLANG_WARN_NON_LITERAL_NULL_CONVERSION = YES;
				CLANG_WARN_OBJC_IMPLICIT_RETAIN_SELF = YES;
				CLANG_WARN_OBJC_LITERAL_CONVERSION = YES;
				CLANG_WARN_OBJC_ROOT_CLASS = YES_ERROR;
				CLANG_WARN_RANGE_LOOP_ANALYSIS = YES;
				CLANG_WARN_STRICT_PROTOTYPES = YES;
				CLANG_WARN_SUSPICIOUS_MOVE = YES;
				CLANG_WARN_UNGUARDED_AVAILABILITY = YES_AGGRESSIVE;
				CLANG_WARN_UNREACHABLE_CODE = YES;
				CLANG_WARN__DUPLICATE_METHOD_MATCH = YES;
				COPY_PHASE_STRIP = NO;
				DEBUG_INFORMATION_FORMAT = "dwarf-with-dsym";
				ENABLE_NS_ASSERTIONS = NO;
				ENABLE_STRICT_OBJC_MSGSEND = YES;
				GCC_C_LANGUAGE_STANDARD = gnu11;
				GCC_NO_COMMON_BLOCKS = YES;
				GCC_WARN_64_TO_32_BIT_CONVERSION = YES;
				GCC_WARN_ABOUT_RETURN_TYPE = YES_ERROR;
				GCC_WARN_UNDECLARED_SELECTOR = YES;
				GCC_WARN_UNINITIALIZED_AUTOS = YES_AGGRESSIVE;
				GCC_WARN_UNUSED_FUNCTION = YES;
				GCC_WARN_UNUSED_VARIABLE = YES;
				IPHONEOS_DEPLOYMENT_TARGET = 13.0;
				MTL_ENABLE_DEBUG_INFO = NO;
				MTL_FAST_MATH = YES;
				SDKROOT = iphoneos;
				SWIFT_COMPILATION_MODE = wholemodule;
				SWIFT_OPTIMIZATION_LEVEL = "-O";
				VALIDATE_PRODUCT = YES;
			};
			name = Release;
		};
		F73ECA2B2439F8B2003C320C /* Debug */ = {
			isa = XCBuildConfiguration;
			baseConfigurationReference = 2733595683FE7D29B0616C66 /* Pods-Stop.debug.xcconfig */;
			buildSettings = {
				ASSETCATALOG_COMPILER_APPICON_NAME = AppIcon;
				CODE_SIGN_STYLE = Automatic;
				DEVELOPMENT_TEAM = 4YGCNXXR2R;
				INFOPLIST_FILE = Stop/Info.plist;
				LD_RUNPATH_SEARCH_PATHS = (
					"$(inherited)",
					"@executable_path/Frameworks",
				);
				PRODUCT_BUNDLE_IDENTIFIER = "ru.antares-software.mwmv.Stop";
				PRODUCT_NAME = "$(TARGET_NAME)";
				SWIFT_VERSION = 5.0;
				TARGETED_DEVICE_FAMILY = "1,2";
			};
			name = Debug;
		};
		F73ECA2C2439F8B2003C320C /* Release */ = {
			isa = XCBuildConfiguration;
			baseConfigurationReference = D106D6FE7180DE448C2B52DC /* Pods-Stop.release.xcconfig */;
			buildSettings = {
				ASSETCATALOG_COMPILER_APPICON_NAME = AppIcon;
				CODE_SIGN_STYLE = Automatic;
				DEVELOPMENT_TEAM = 4YGCNXXR2R;
				INFOPLIST_FILE = Stop/Info.plist;
				LD_RUNPATH_SEARCH_PATHS = (
					"$(inherited)",
					"@executable_path/Frameworks",
				);
				PRODUCT_BUNDLE_IDENTIFIER = "ru.antares-software.mwmv.Stop";
				PRODUCT_NAME = "$(TARGET_NAME)";
				SWIFT_VERSION = 5.0;
				TARGETED_DEVICE_FAMILY = "1,2";
			};
			name = Release;
		};
/* End XCBuildConfiguration section */

/* Begin XCConfigurationList section */
		F73ECA112439F8B1003C320C /* Build configuration list for PBXProject "Stop" */ = {
			isa = XCConfigurationList;
			buildConfigurations = (
				F73ECA282439F8B2003C320C /* Debug */,
				F73ECA292439F8B2003C320C /* Release */,
			);
			defaultConfigurationIsVisible = 0;
			defaultConfigurationName = Release;
		};
		F73ECA2A2439F8B2003C320C /* Build configuration list for PBXNativeTarget "Stop" */ = {
			isa = XCConfigurationList;
			buildConfigurations = (
				F73ECA2B2439F8B2003C320C /* Debug */,
				F73ECA2C2439F8B2003C320C /* Release */,
			);
			defaultConfigurationIsVisible = 0;
			defaultConfigurationName = Release;
		};
/* End XCConfigurationList section */
	};
	rootObject = F73ECA0E2439F8B1003C320C /* Project object */;
}
